
Microsoft Visual Studio Solution File, Format Version 12.00
# Visual Studio Version 17
VisualStudioVersion = 17.13.36105.23 d17.13
MinimumVisualStudioVersion = 10.0.40219.1
Project("{FAE04EC0-301F-11D3-BF4B-00C04F79EFBC}") = "BannanagramsServer", "BannanagramsServer\BannanagramsServer.csproj", "{D2CCC183-BB8D-4592-9BE5-A39CD7E4E0C2}"
EndProject
Project("{FAE04EC0-301F-11D3-BF4B-00C04F79EFBC}") = "BannanagramsClient", "BannanagramsClient\BannanagramsClient.csproj", "{EFF77D7D-F5FE-4EB6-8AD0-E3770E91B712}"
EndProject
Global
	GlobalSection(SolutionConfigurationPlatforms) = preSolution
		Debug|Any CPU = Debug|Any CPU
		Release|Any CPU = Release|Any CPU
	EndGlobalSection
	GlobalSection(ProjectConfigurationPlatforms) = postSolution
		{D2CCC183-BB8D-4592-9BE5-A39CD7E4E0C2}.Debug|Any CPU.ActiveCfg = Debug|Any CPU
		{D2CCC183-BB8D-4592-9BE5-A39CD7E4E0C2}.Debug|Any CPU.Build.0 = Debug|Any CPU
		{D2CCC183-BB8D-4592-9BE5-A39CD7E4E0C2}.Release|Any CPU.ActiveCfg = Release|Any CPU
		{D2CCC183-BB8D-4592-9BE5-A39CD7E4E0C2}.Release|Any CPU.Build.0 = Release|Any CPU
		{EFF77D7D-F5FE-4EB6-8AD0-E3770E91B712}.Debug|Any CPU.ActiveCfg = Debug|Any CPU
		{EFF77D7D-F5FE-4EB6-8AD0-E3770E91B712}.Debug|Any CPU.Build.0 = Debug|Any CPU
		{EFF77D7D-F5FE-4EB6-8AD0-E3770E91B712}.Release|Any CPU.ActiveCfg = Release|Any CPU
		{EFF77D7D-F5FE-4EB6-8AD0-E3770E91B712}.Release|Any CPU.Build.0 = Release|Any CPU
	EndGlobalSection
	GlobalSection(SolutionProperties) = preSolution
		HideSolutionNode = FALSE
	EndGlobalSection
	GlobalSection(ExtensibilityGlobals) = postSolution
		SolutionGuid = {322CED53-D176-401E-A6DC-14465027A828}
	EndGlobalSection
EndGlobal
